Microsoft Visual Studio Solution File, Format Version 12.00
# Visual Studio Version 17
VisualStudioVersion = 17.5.2.0
MinimumVisualStudioVersion = 10.0.40219.1
Project("{FAE04EC0-301F-11D3-BF4B-00C04F79EFBC}") = "beinx.db", "beinx.db.csproj", "{F51CAFF8-8B1A-5291-7913-7169EB3E8C1D}"
EndProject
Global
	GlobalSection(SolutionConfigurationPlatforms) = preSolution
		Debug|Any CPU = Debug|Any CPU
		Release|Any CPU = Release|Any CPU
	EndGlobalSection
	GlobalSection(ProjectConfigurationPlatforms) = postSolution
		{F51CAFF8-8B1A-5291-7913-7169EB3E8C1D}.Debug|Any CPU.ActiveCfg = Debug|Any CPU
		{F51CAFF8-8B1A-5291-7913-7169EB3E8C1D}.Debug|Any CPU.Build.0 = Debug|Any CPU
		{F51CAFF8-8B1A-5291-7913-7169EB3E8C1D}.Release|Any CPU.ActiveCfg = Release|Any CPU
		{F51CAFF8-8B1A-5291-7913-7169EB3E8C1D}.Release|Any CPU.Build.0 = Release|Any CPU
	EndGlobalSection
	GlobalSection(SolutionProperties) = preSolution
		HideSolutionNode = FALSE
	EndGlobalSection
	GlobalSection(ExtensibilityGlobals) = postSolution
		SolutionGuid = {05A126C9-1044-42B3-AC78-05006DE39314}
	EndGlobalSection
EndGlobal
