Microsoft Visual Studio Solution File, Format Version 12.00
# Visual Studio Version 17
VisualStudioVersion = 17.5.2.0
MinimumVisualStudioVersion = 10.0.40219.1
Project("{FAE04EC0-301F-11D3-BF4B-00C04F79EFBC}") = "BlazorInvoice.Pwa.Tests", "BlazorInvoice.Pwa.Tests.csproj", "{0B235410-9216-E784-2D2F-1AA876B32EDA}"
EndProject
Global
	GlobalSection(SolutionConfigurationPlatforms) = preSolution
		Debug|Any CPU = Debug|Any CPU
		Release|Any CPU = Release|Any CPU
	EndGlobalSection
	GlobalSection(ProjectConfigurationPlatforms) = postSolution
		{0B235410-9216-E784-2D2F-1AA876B32EDA}.Debug|Any CPU.ActiveCfg = Debug|Any CPU
		{0B235410-9216-E784-2D2F-1AA876B32EDA}.Debug|Any CPU.Build.0 = Debug|Any CPU
		{0B235410-9216-E784-2D2F-1AA876B32EDA}.Release|Any CPU.ActiveCfg = Release|Any CPU
		{0B235410-9216-E784-2D2F-1AA876B32EDA}.Release|Any CPU.Build.0 = Release|Any CPU
	EndGlobalSection
	GlobalSection(SolutionProperties) = preSolution
		HideSolutionNode = FALSE
	EndGlobalSection
	GlobalSection(ExtensibilityGlobals) = postSolution
		SolutionGuid = {5D920F43-8E72-4031-8047-EDDD44AC9394}
	EndGlobalSection
EndGlobal
