Microsoft Visual Studio Solution File, Format Version 12.00
# Visual Studio Version 17
VisualStudioVersion = 17.5.2.0
MinimumVisualStudioVersion = 10.0.40219.1
Project("{FAE04EC0-301F-11D3-BF4B-00C04F79EFBC}") = "BlazorInvoice.Pwa", "BlazorInvoice.Pwa.csproj", "{DC9EE73E-C7A5-8CFD-8F80-2BED5FC33FC2}"
EndProject
Global
	GlobalSection(SolutionConfigurationPlatforms) = preSolution
		Debug|Any CPU = Debug|Any CPU
		Release|Any CPU = Release|Any CPU
	EndGlobalSection
	GlobalSection(ProjectConfigurationPlatforms) = postSolution
		{DC9EE73E-C7A5-8CFD-8F80-2BED5FC33FC2}.Debug|Any CPU.ActiveCfg = Debug|Any CPU
		{DC9EE73E-C7A5-8CFD-8F80-2BED5FC33FC2}.Debug|Any CPU.Build.0 = Debug|Any CPU
		{DC9EE73E-C7A5-8CFD-8F80-2BED5FC33FC2}.Release|Any CPU.ActiveCfg = Release|Any CPU
		{DC9EE73E-C7A5-8CFD-8F80-2BED5FC33FC2}.Release|Any CPU.Build.0 = Release|Any CPU
	EndGlobalSection
	GlobalSection(SolutionProperties) = preSolution
		HideSolutionNode = FALSE
	EndGlobalSection
	GlobalSection(ExtensibilityGlobals) = postSolution
		SolutionGuid = {911480E9-6990-4712-AA15-516B9281FD1A}
	EndGlobalSection
EndGlobal
