Microsoft Visual Studio Solution File, Format Version 12.00
# Visual Studio Version 17
VisualStudioVersion = 17.5.2.0
MinimumVisualStudioVersion = 10.0.40219.1
Project("{FAE04EC0-301F-11D3-BF4B-00C04F79EFBC}") = "beinx.web", "beinx.web.csproj", "{3185F458-30B4-D261-3449-E2989F3DE904}"
EndProject
Global
	GlobalSection(SolutionConfigurationPlatforms) = preSolution
		Debug|Any CPU = Debug|Any CPU
		Release|Any CPU = Release|Any CPU
	EndGlobalSection
	GlobalSection(ProjectConfigurationPlatforms) = postSolution
		{3185F458-30B4-D261-3449-E2989F3DE904}.Debug|Any CPU.ActiveCfg = Debug|Any CPU
		{3185F458-30B4-D261-3449-E2989F3DE904}.Debug|Any CPU.Build.0 = Debug|Any CPU
		{3185F458-30B4-D261-3449-E2989F3DE904}.Release|Any CPU.ActiveCfg = Release|Any CPU
		{3185F458-30B4-D261-3449-E2989F3DE904}.Release|Any CPU.Build.0 = Release|Any CPU
	EndGlobalSection
	GlobalSection(SolutionProperties) = preSolution
		HideSolutionNode = FALSE
	EndGlobalSection
	GlobalSection(ExtensibilityGlobals) = postSolution
		SolutionGuid = {7FBE1418-6E29-4D69-AF33-1747B86C8BB6}
	EndGlobalSection
EndGlobal
