Microsoft Visual Studio Solution File, Format Version 12.00
# Visual Studio Version 17
VisualStudioVersion = 17.5.2.0
MinimumVisualStudioVersion = 10.0.40219.1
Project("{FAE04EC0-301F-11D3-BF4B-00C04F79EFBC}") = "beinx.PlaywrightTests", "beinx.PlaywrightTests.csproj", "{0DF786AB-2BBF-29E8-DA72-5ADE7C4C559A}"
EndProject
Global
	GlobalSection(SolutionConfigurationPlatforms) = preSolution
		Debug|Any CPU = Debug|Any CPU
		Release|Any CPU = Release|Any CPU
	EndGlobalSection
	GlobalSection(ProjectConfigurationPlatforms) = postSolution
		{0DF786AB-2BBF-29E8-DA72-5ADE7C4C559A}.Debug|Any CPU.ActiveCfg = Debug|Any CPU
		{0DF786AB-2BBF-29E8-DA72-5ADE7C4C559A}.Debug|Any CPU.Build.0 = Debug|Any CPU
		{0DF786AB-2BBF-29E8-DA72-5ADE7C4C559A}.Release|Any CPU.ActiveCfg = Release|Any CPU
		{0DF786AB-2BBF-29E8-DA72-5ADE7C4C559A}.Release|Any CPU.Build.0 = Release|Any CPU
	EndGlobalSection
	GlobalSection(SolutionProperties) = preSolution
		HideSolutionNode = FALSE
	EndGlobalSection
	GlobalSection(ExtensibilityGlobals) = postSolution
		SolutionGuid = {C197BD54-F114-4808-B02A-7CE665A9C4D8}
	EndGlobalSection
EndGlobal
